
Microsoft Visual Studio Solution File, Format Version 12.00
# Visual Studio Version 16
VisualStudioVersion = 16.0.31729.503
MinimumVisualStudioVersion = 10.0.40219.1
Project("{FAE04EC0-301F-11D3-BF4B-00C04F79EFBC}") = "Cafe_Customers", "Cafe_Customers\Cafe_Customers.csproj", "{0906EE6B-00C3-497C-9EA9-C7BE0AF1D131}"
EndProject
Global
	GlobalSection(SolutionConfigurationPlatforms) = preSolution
		Debug|Any CPU = Debug|Any CPU
		Release|Any CPU = Release|Any CPU
	EndGlobalSection
	GlobalSection(ProjectConfigurationPlatforms) = postSolution
		{0906EE6B-00C3-497C-9EA9-C7BE0AF1D131}.Debug|Any CPU.ActiveCfg = Debug|Any CPU
		{0906EE6B-00C3-497C-9EA9-C7BE0AF1D131}.Debug|Any CPU.Build.0 = Debug|Any CPU
		{0906EE6B-00C3-497C-9EA9-C7BE0AF1D131}.Release|Any CPU.ActiveCfg = Release|Any CPU
		{0906EE6B-00C3-497C-9EA9-C7BE0AF1D131}.Release|Any CPU.Build.0 = Release|Any CPU
	EndGlobalSection
	GlobalSection(SolutionProperties) = preSolution
		HideSolutionNode = FALSE
	EndGlobalSection
	GlobalSection(ExtensibilityGlobals) = postSolution
		SolutionGuid = {43C0CF2A-3C9C-4ED5-B847-8A88BB79ACD9}
	EndGlobalSection
EndGlobal
